
Microsoft Visual Studio Solution File, Format Version 12.00
# Visual Studio 15
VisualStudioVersion = 15.0.28307.1231
MinimumVisualStudioVersion = 10.0.40219.1
Project("{FAE04EC0-301F-11D3-BF4B-00C04F79EFBC}") = "peg", "peg\peg.csproj", "{5EB238A9-9EF9-424E-8F2B-31EAC410DAF7}"
EndProject
Global
	GlobalSection(SolutionConfigurationPlatforms) = preSolution
		Debug|Any CPU = Debug|Any CPU
		Release|Any CPU = Release|Any CPU
	EndGlobalSection
	GlobalSection(ProjectConfigurationPlatforms) = postSolution
		{5EB238A9-9EF9-424E-8F2B-31EAC410DAF7}.Debug|Any CPU.ActiveCfg = Debug|Any CPU
		{5EB238A9-9EF9-424E-8F2B-31EAC410DAF7}.Debug|Any CPU.Build.0 = Debug|Any CPU
		{5EB238A9-9EF9-424E-8F2B-31EAC410DAF7}.Release|Any CPU.ActiveCfg = Release|Any CPU
		{5EB238A9-9EF9-424E-8F2B-31EAC410DAF7}.Release|Any CPU.Build.0 = Release|Any CPU
	EndGlobalSection
	GlobalSection(SolutionProperties) = preSolution
		HideSolutionNode = FALSE
	EndGlobalSection
	GlobalSection(ExtensibilityGlobals) = postSolution
		SolutionGuid = {F68AA1AF-F50E-4FCD-8753-55074D1686A7}
	EndGlobalSection
EndGlobal
